
Microsoft Visual Studio Solution File, Format Version 12.00
# Visual Studio 14
VisualStudioVersion = 14.0.25420.1
MinimumVisualStudioVersion = 10.0.40219.1
Project("{FAE04EC0-301F-11D3-BF4B-00C04F79EFBC}") = "ExcelDataHandler", "ExcelDataHandler\ExcelDataHandler.csproj", "{C9EC88E3-EFFB-4AE2-9934-41B7BE53E6FD}"
EndProject
Project("{FAE04EC0-301F-11D3-BF4B-00C04F79EFBC}") = "WayneCarCorps.MongoDBModels", "WayneCarCorps.MongoDBModels\WayneCarCorps.MongoDBModels.csproj", "{7EB8040C-6A07-4894-B2CB-8FE1544CEBC5}"
EndProject
Global
	GlobalSection(SolutionConfigurationPlatforms) = preSolution
		Debug|Any CPU = Debug|Any CPU
		Release|Any CPU = Release|Any CPU
	EndGlobalSection
	GlobalSection(ProjectConfigurationPlatforms) = postSolution
		{C9EC88E3-EFFB-4AE2-9934-41B7BE53E6FD}.Debug|Any CPU.ActiveCfg = Debug|Any CPU
		{C9EC88E3-EFFB-4AE2-9934-41B7BE53E6FD}.Debug|Any CPU.Build.0 = Debug|Any CPU
		{C9EC88E3-EFFB-4AE2-9934-41B7BE53E6FD}.Release|Any CPU.ActiveCfg = Release|Any CPU
		{C9EC88E3-EFFB-4AE2-9934-41B7BE53E6FD}.Release|Any CPU.Build.0 = Release|Any CPU
		{7EB8040C-6A07-4894-B2CB-8FE1544CEBC5}.Debug|Any CPU.ActiveCfg = Debug|Any CPU
		{7EB8040C-6A07-4894-B2CB-8FE1544CEBC5}.Debug|Any CPU.Build.0 = Debug|Any CPU
		{7EB8040C-6A07-4894-B2CB-8FE1544CEBC5}.Release|Any CPU.ActiveCfg = Release|Any CPU
		{7EB8040C-6A07-4894-B2CB-8FE1544CEBC5}.Release|Any CPU.Build.0 = Release|Any CPU
	EndGlobalSection
	GlobalSection(SolutionProperties) = preSolution
		HideSolutionNode = FALSE
	EndGlobalSection
EndGlobal
